
Microsoft Visual Studio Solution File, Format Version 12.00
# Visual Studio Version 16
VisualStudioVersion = 16.0.29609.76
MinimumVisualStudioVersion = 10.0.40219.1
Project("{FAE04EC0-301F-11D3-BF4B-00C04F79EFBC}") = "TemaMulticolorIU", "TemaMulticolorIU\TemaMulticolorIU.csproj", "{2D151B6C-D7F7-4416-B913-E81845FAA1F8}"
EndProject
Global
	GlobalSection(SolutionConfigurationPlatforms) = preSolution
		Debug|Any CPU = Debug|Any CPU
		Release|Any CPU = Release|Any CPU
	EndGlobalSection
	GlobalSection(ProjectConfigurationPlatforms) = postSolution
		{2D151B6C-D7F7-4416-B913-E81845FAA1F8}.Debug|Any CPU.ActiveCfg = Debug|Any CPU
		{2D151B6C-D7F7-4416-B913-E81845FAA1F8}.Debug|Any CPU.Build.0 = Debug|Any CPU
		{2D151B6C-D7F7-4416-B913-E81845FAA1F8}.Release|Any CPU.ActiveCfg = Release|Any CPU
		{2D151B6C-D7F7-4416-B913-E81845FAA1F8}.Release|Any CPU.Build.0 = Release|Any CPU
	EndGlobalSection
	GlobalSection(SolutionProperties) = preSolution
		HideSolutionNode = FALSE
	EndGlobalSection
	GlobalSection(ExtensibilityGlobals) = postSolution
		SolutionGuid = {244A8939-D521-412E-AA92-FF707559CD28}
	EndGlobalSection
EndGlobal
